
Microsoft Visual Studio Solution File, Format Version 12.00
# Visual Studio Version 16
VisualStudioVersion = 16.0.31005.135
MinimumVisualStudioVersion = 10.0.40219.1
Project("{9A19103F-16F7-4668-BE54-9A1E7A4F7556}") = "MyPTClinicApp.Server", "MyPTClinicApp\Server\MyPTClinicApp.Server.csproj", "{13D2D33D-9734-4AE7-BBA1-05EF0B8D56BA}"
EndProject
Project("{9A19103F-16F7-4668-BE54-9A1E7A4F7556}") = "MyPTClinicApp.Client", "MyPTClinicApp\Client\MyPTClinicApp.Client.csproj", "{8BACCFA1-BBF4-4CED-9550-7FABE4D5C2BE}"
EndProject
Project("{9A19103F-16F7-4668-BE54-9A1E7A4F7556}") = "MyPTClinicApp.Shared", "MyPTClinicApp\Shared\MyPTClinicApp.Shared.csproj", "{595FBD63-117B-4A3C-AC08-03B88B6D6A78}"
EndProject
Global
	GlobalSection(SolutionConfigurationPlatforms) = preSolution
		Debug|Any CPU = Debug|Any CPU
		Release|Any CPU = Release|Any CPU
	EndGlobalSection
	GlobalSection(ProjectConfigurationPlatforms) = postSolution
		{13D2D33D-9734-4AE7-BBA1-05EF0B8D56BA}.Debug|Any CPU.ActiveCfg = Debug|Any CPU
		{13D2D33D-9734-4AE7-BBA1-05EF0B8D56BA}.Debug|Any CPU.Build.0 = Debug|Any CPU
		{13D2D33D-9734-4AE7-BBA1-05EF0B8D56BA}.Release|Any CPU.ActiveCfg = Release|Any CPU
		{13D2D33D-9734-4AE7-BBA1-05EF0B8D56BA}.Release|Any CPU.Build.0 = Release|Any CPU
		{8BACCFA1-BBF4-4CED-9550-7FABE4D5C2BE}.Debug|Any CPU.ActiveCfg = Debug|Any CPU
		{8BACCFA1-BBF4-4CED-9550-7FABE4D5C2BE}.Debug|Any CPU.Build.0 = Debug|Any CPU
		{8BACCFA1-BBF4-4CED-9550-7FABE4D5C2BE}.Release|Any CPU.ActiveCfg = Release|Any CPU
		{8BACCFA1-BBF4-4CED-9550-7FABE4D5C2BE}.Release|Any CPU.Build.0 = Release|Any CPU
		{595FBD63-117B-4A3C-AC08-03B88B6D6A78}.Debug|Any CPU.ActiveCfg = Debug|Any CPU
		{595FBD63-117B-4A3C-AC08-03B88B6D6A78}.Debug|Any CPU.Build.0 = Debug|Any CPU
		{595FBD63-117B-4A3C-AC08-03B88B6D6A78}.Release|Any CPU.ActiveCfg = Release|Any CPU
		{595FBD63-117B-4A3C-AC08-03B88B6D6A78}.Release|Any CPU.Build.0 = Release|Any CPU
	EndGlobalSection
	GlobalSection(SolutionProperties) = preSolution
		HideSolutionNode = FALSE
	EndGlobalSection
	GlobalSection(ExtensibilityGlobals) = postSolution
		SolutionGuid = {FAFA3CAE-1A48-4B2C-B95F-E918B6AD64D3}
	EndGlobalSection
EndGlobal
