
Microsoft Visual Studio Solution File, Format Version 12.00
# Visual Studio Version 16
VisualStudioVersion = 16.0.31019.35
MinimumVisualStudioVersion = 10.0.40219.1
Project("{9A19103F-16F7-4668-BE54-9A1E7A4F7556}") = "MyPTClinicApp.Server", "MyPTClinicApp\Server\MyPTClinicApp.Server.csproj", "{4837D962-16E8-4F9B-ACFB-2E4D2298D661}"
EndProject
Project("{9A19103F-16F7-4668-BE54-9A1E7A4F7556}") = "MyPTClinicApp.Client", "MyPTClinicApp\Client\MyPTClinicApp.Client.csproj", "{A24B0213-F9AE-417E-9D5C-B1EA812D0361}"
EndProject
Project("{9A19103F-16F7-4668-BE54-9A1E7A4F7556}") = "MyPTClinicApp.Shared", "MyPTClinicApp\Shared\MyPTClinicApp.Shared.csproj", "{05BE43DD-B173-4D6E-BC89-C09ED39C18D1}"
EndProject
Global
	GlobalSection(SolutionConfigurationPlatforms) = preSolution
		Debug|Any CPU = Debug|Any CPU
		Release|Any CPU = Release|Any CPU
	EndGlobalSection
	GlobalSection(ProjectConfigurationPlatforms) = postSolution
		{4837D962-16E8-4F9B-ACFB-2E4D2298D661}.Debug|Any CPU.ActiveCfg = Debug|Any CPU
		{4837D962-16E8-4F9B-ACFB-2E4D2298D661}.Debug|Any CPU.Build.0 = Debug|Any CPU
		{4837D962-16E8-4F9B-ACFB-2E4D2298D661}.Release|Any CPU.ActiveCfg = Release|Any CPU
		{4837D962-16E8-4F9B-ACFB-2E4D2298D661}.Release|Any CPU.Build.0 = Release|Any CPU
		{A24B0213-F9AE-417E-9D5C-B1EA812D0361}.Debug|Any CPU.ActiveCfg = Debug|Any CPU
		{A24B0213-F9AE-417E-9D5C-B1EA812D0361}.Debug|Any CPU.Build.0 = Debug|Any CPU
		{A24B0213-F9AE-417E-9D5C-B1EA812D0361}.Release|Any CPU.ActiveCfg = Release|Any CPU
		{A24B0213-F9AE-417E-9D5C-B1EA812D0361}.Release|Any CPU.Build.0 = Release|Any CPU
		{05BE43DD-B173-4D6E-BC89-C09ED39C18D1}.Debug|Any CPU.ActiveCfg = Debug|Any CPU
		{05BE43DD-B173-4D6E-BC89-C09ED39C18D1}.Debug|Any CPU.Build.0 = Debug|Any CPU
		{05BE43DD-B173-4D6E-BC89-C09ED39C18D1}.Release|Any CPU.ActiveCfg = Release|Any CPU
		{05BE43DD-B173-4D6E-BC89-C09ED39C18D1}.Release|Any CPU.Build.0 = Release|Any CPU
	EndGlobalSection
	GlobalSection(SolutionProperties) = preSolution
		HideSolutionNode = FALSE
	EndGlobalSection
	GlobalSection(ExtensibilityGlobals) = postSolution
		SolutionGuid = {05F12D2A-AA49-428C-9784-D217A371D023}
	EndGlobalSection
EndGlobal
